{
  "nodes": {
    "nixpkgs": {
      "locked": {
        "lastModified": 1602671844,
        "narHash": "sha256-bvkgxcaex5Pt8yEmE6gDCsRGCchPSyJt3bvFZvQUxYg=",
        "owner": "NixOS",
        "repo": "nixpkgs",
        "rev": "f25cdd427310169d4f715e80887ff9dcc25f66dc",
        "type": "github"
      },
      "original": {
        "id": "nixpkgs",
        "type": "indirect"
      }
    },
    "root": {
      "inputs": {
        "nixpkgs": "nixpkgs"
      }
    }
  },
  "root": "root",
  "version": 7
}
